// !$*UTF8*$!
{
	archiveVersion = 1;
	classes = {
	};
	objectVersion = 46;
	objects = {

/* Begin PBXBuildFile section */
		DCD93AA81C44ED0C00C73A0F /* AppDelegate.swift in Sources */ = {isa = PBXBuildFile; fileRef = DCD93AA71C44ED0C00C73A0F /* AppDelegate.swift */; };
		DCD93AAA1C44ED0C00C73A0F /* ViewController.swift in Sources */ = {isa = PBXBuildFile; fileRef = DCD93AA91C44ED0C00C73A0F /* ViewController.swift */; };
		DCD93AAD1C44ED0C00C73A0F /* Main.storyboard in Resources */ = {isa = PBXBuildFile; fileRef = DCD93AAB1C44ED0C00C73A0F /* Main.storyboard */; };
		DCD93AAF1C44ED0C00C73A0F /* Assets.xcassets in Resources */ = {isa = PBXBuildFile; fileRef = DCD93AAE1C44ED0C00C73A0F /* Assets.xcassets */; };
		DCD93AB21C44ED0C00C73A0F /* LaunchScreen.storyboard in Resources */ = {isa = PBXBuildFile; fileRef = DCD93AB01C44ED0C00C73A0F /* LaunchScreen.storyboard */; };
		DCD93ABD1C44ED0C00C73A0F /* FringeTests.swift in Sources */ = {isa = PBXBuildFile; fileRef = DCD93ABC1C44ED0C00C73A0F /* FringeTests.swift */; };
		DCD93AC81C44ED0C00C73A0F /* FringeUITests.swift in Sources */ = {isa = PBXBuildFile; fileRef = DCD93AC71C44ED0C00C73A0F /* FringeUITests.swift */; };
		DCD93AD71C44F3CC00C73A0F /* Model.xcdatamodeld in Sources */ = {isa = PBXBuildFile; fileRef = DCD93AD51C44F3CC00C73A0F /* Model.xcdatamodeld */; };
		DCD93AE21C44F58800C73A0F /* ManagedObject.swift in Sources */ = {isa = PBXBuildFile; fileRef = DCD93AE11C44F58800C73A0F /* ManagedObject.swift */; };
		DCD93AE41C44F6A800C73A0F /* Ambience.swift in Sources */ = {isa = PBXBuildFile; fileRef = DCD93AE31C44F6A800C73A0F /* Ambience.swift */; };
		DCD93AE91C45089C00C73A0F /* CoreData.framework in Frameworks */ = {isa = PBXBuildFile; fileRef = DCD93AE81C45089C00C73A0F /* CoreData.framework */; };
		DCD93AEB1C455AC900C73A0F /* VendorTableViewController.swift in Sources */ = {isa = PBXBuildFile; fileRef = DCD93AEA1C455AC900C73A0F /* VendorTableViewController.swift */; };
/* End PBXBuildFile section */

/* Begin PBXContainerItemProxy section */
		DCD93AB91C44ED0C00C73A0F /* PBXContainerItemProxy */ = {
			isa = PBXContainerItemProxy;
			containerPortal = DCD93A9C1C44ED0C00C73A0F /* Project object */;
			proxyType = 1;
			remoteGlobalIDString = DCD93AA31C44ED0C00C73A0F;
			remoteInfo = Fringe;
		};
		DCD93AC41C44ED0C00C73A0F /* PBXContainerItemProxy */ = {
			isa = PBXContainerItemProxy;
			containerPortal = DCD93A9C1C44ED0C00C73A0F /* Project object */;
			proxyType = 1;
			remoteGlobalIDString = DCD93AA31C44ED0C00C73A0F;
			remoteInfo = Fringe;
		};
/* End PBXContainerItemProxy section */

/* Begin PBXFileReference section */
		DCD93AA41C44ED0C00C73A0F /* Fringe.app */ = {isa = PBXFileReference; explicitFileType = wrapper.application; includeInIndex = 0; path = Fringe.app; sourceTree = BUILT_PRODUCTS_DIR; };
		DCD93AA71C44ED0C00C73A0F /* AppDelegate.swift */ = {isa = PBXFileReference; lastKnownFileType = sourcecode.swift; path = AppDelegate.swift; sourceTree = "<group>"; };
		DCD93AA91C44ED0C00C73A0F /* ViewController.swift */ = {isa = PBXFileReference; lastKnownFileType = sourcecode.swift; path = ViewController.swift; sourceTree = "<group>"; };
		DCD93AAC1C44ED0C00C73A0F /* Base */ = {isa = PBXFileReference; lastKnownFileType = file.storyboard; name = Base; path = Base.lproj/Main.storyboard; sourceTree = "<group>"; };
		DCD93AAE1C44ED0C00C73A0F /* Assets.xcassets */ = {isa = PBXFileReference; lastKnownFileType = folder.assetcatalog; path = Assets.xcassets; sourceTree = "<group>"; };
		DCD93AB11C44ED0C00C73A0F /* Base */ = {isa = PBXFileReference; lastKnownFileType = file.storyboard; name = Base; path = Base.lproj/LaunchScreen.storyboard; sourceTree = "<group>"; };
		DCD93AB31C44ED0C00C73A0F /* Info.plist */ = {isa = PBXFileReference; lastKnownFileType = text.plist.xml; path = Info.plist; sourceTree = "<group>"; };
		DCD93AB81C44ED0C00C73A0F /* FringeTests.xctest */ = {isa = PBXFileReference; explicitFileType = wrapper.cfbundle; includeInIndex = 0; path = FringeTests.xctest; sourceTree = BUILT_PRODUCTS_DIR; };
		DCD93ABC1C44ED0C00C73A0F /* FringeTests.swift */ = {isa = PBXFileReference; lastKnownFileType = sourcecode.swift; path = FringeTests.swift; sourceTree = "<group>"; };
		DCD93ABE1C44ED0C00C73A0F /* Info.plist */ = {isa = PBXFileReference; lastKnownFileType = text.plist.xml; path = Info.plist; sourceTree = "<group>"; };
		DCD93AC31C44ED0C00C73A0F /* FringeUITests.xctest */ = {isa = PBXFileReference; explicitFileType = wrapper.cfbundle; includeInIndex = 0; path = FringeUITests.xctest; sourceTree = BUILT_PRODUCTS_DIR; };
		DCD93AC71C44ED0C00C73A0F /* FringeUITests.swift */ = {isa = PBXFileReference; lastKnownFileType = sourcecode.swift; path = FringeUITests.swift; sourceTree = "<group>"; };
		DCD93AC91C44ED0C00C73A0F /* Info.plist */ = {isa = PBXFileReference; lastKnownFileType = text.plist.xml; path = Info.plist; sourceTree = "<group>"; };
		DCD93AD61C44F3CC00C73A0F /* Model.xcdatamodel */ = {isa = PBXFileReference; lastKnownFileType = wrapper.xcdatamodel; path = Model.xcdatamodel; sourceTree = "<group>"; };
		DCD93AD81C44F4EE00C73A0F /* Fringe-Bridging-Header.h */ = {isa = PBXFileReference; lastKnownFileType = sourcecode.c.h; path = "Fringe-Bridging-Header.h"; sourceTree = "<group>"; };
		DCD93AE11C44F58800C73A0F /* ManagedObject.swift */ = {isa = PBXFileReference; fileEncoding = 4; lastKnownFileType = sourcecode.swift; path = ManagedObject.swift; sourceTree = "<group>"; };
		DCD93AE31C44F6A800C73A0F /* Ambience.swift */ = {isa = PBXFileReference; fileEncoding = 4; lastKnownFileType = sourcecode.swift; name = Ambience.swift; path = ../Ambience.swift; sourceTree = "<group>"; };
		DCD93AE81C45089C00C73A0F /* CoreData.framework */ = {isa = PBXFileReference; lastKnownFileType = wrapper.framework; name = CoreData.framework; path = System/Library/Frameworks/CoreData.framework; sourceTree = SDKROOT; };
		DCD93AEA1C455AC900C73A0F /* VendorTableViewController.swift */ = {isa = PBXFileReference; fileEncoding = 4; lastKnownFileType = sourcecode.swift; path = VendorTableViewController.swift; sourceTree = "<group>"; };
/* End PBXFileReference section */

/* Begin PBXFrameworksBuildPhase section */
		DCD93AA11C44ED0C00C73A0F /* Frameworks */ = {
			isa = PBXFrameworksBuildPhase;
			buildActionMask = 2147483647;
			files = (
				DCD93AE91C45089C00C73A0F /* CoreData.framework in Frameworks */,
			);
			runOnlyForDeploymentPostprocessing = 0;
		};
		DCD93AB51C44ED0C00C73A0F /* Frameworks */ = {
			isa = PBXFrameworksBuildPhase;
			buildActionMask = 2147483647;
			files = (
			);
			runOnlyForDeploymentPostprocessing = 0;
		};
		DCD93AC01C44ED0C00C73A0F /* Frameworks */ = {
			isa = PBXFrameworksBuildPhase;
			buildActionMask = 2147483647;
			files = (
			);
			runOnlyForDeploymentPostprocessing = 0;
		};
/* End PBXFrameworksBuildPhase section */

/* Begin PBXGroup section */
		DCD93A9B1C44ED0C00C73A0F = {
			isa = PBXGroup;
			children = (
				DCD93AE81C45089C00C73A0F /* CoreData.framework */,
				DCD93AE11C44F58800C73A0F /* ManagedObject.swift */,
				DCD93AD51C44F3CC00C73A0F /* Model.xcdatamodeld */,
				DCD93AA61C44ED0C00C73A0F /* Fringe */,
				DCD93ABB1C44ED0C00C73A0F /* FringeTests */,
				DCD93AC61C44ED0C00C73A0F /* FringeUITests */,
				DCD93AA51C44ED0C00C73A0F /* Products */,
				DCD93AD81C44F4EE00C73A0F /* Fringe-Bridging-Header.h */,
			);
			sourceTree = "<group>";
		};
		DCD93AA51C44ED0C00C73A0F /* Products */ = {
			isa = PBXGroup;
			children = (
				DCD93AA41C44ED0C00C73A0F /* Fringe.app */,
				DCD93AB81C44ED0C00C73A0F /* FringeTests.xctest */,
				DCD93AC31C44ED0C00C73A0F /* FringeUITests.xctest */,
			);
			name = Products;
			sourceTree = "<group>";
		};
		DCD93AA61C44ED0C00C73A0F /* Fringe */ = {
			isa = PBXGroup;
			children = (
				DCD93AE51C44FAB400C73A0F /* Model */,
				DCD93AA71C44ED0C00C73A0F /* AppDelegate.swift */,
				DCD93AA91C44ED0C00C73A0F /* ViewController.swift */,
				DCD93AAB1C44ED0C00C73A0F /* Main.storyboard */,
				DCD93AAE1C44ED0C00C73A0F /* Assets.xcassets */,
				DCD93AB01C44ED0C00C73A0F /* LaunchScreen.storyboard */,
				DCD93AB31C44ED0C00C73A0F /* Info.plist */,
				DCD93AEA1C455AC900C73A0F /* VendorTableViewController.swift */,
			);
			path = Fringe;
			sourceTree = "<group>";
		};
		DCD93ABB1C44ED0C00C73A0F /* FringeTests */ = {
			isa = PBXGroup;
			children = (
				DCD93ABC1C44ED0C00C73A0F /* FringeTests.swift */,
				DCD93ABE1C44ED0C00C73A0F /* Info.plist */,
			);
			path = FringeTests;
			sourceTree = "<group>";
		};
		DCD93AC61C44ED0C00C73A0F /* FringeUITests */ = {
			isa = PBXGroup;
			children = (
				DCD93AC71C44ED0C00C73A0F /* FringeUITests.swift */,
				DCD93AC91C44ED0C00C73A0F /* Info.plist */,
			);
			path = FringeUITests;
			sourceTree = "<group>";
		};
		DCD93AE51C44FAB400C73A0F /* Model */ = {
			isa = PBXGroup;
			children = (
				DCD93AE31C44F6A800C73A0F /* Ambience.swift */,
			);
			name = Model;
			sourceTree = "<group>";
		};
/* End PBXGroup section */

/* Begin PBXNativeTarget section */
		DCD93AA31C44ED0C00C73A0F /* Fringe */ = {
			isa = PBXNativeTarget;
			buildConfigurationList = DCD93ACC1C44ED0C00C73A0F /* Build configuration list for PBXNativeTarget "Fringe" */;
			buildPhases = (
				DCD93AA01C44ED0C00C73A0F /* Sources */,
				DCD93AA11C44ED0C00C73A0F /* Frameworks */,
				DCD93AA21C44ED0C00C73A0F /* Resources */,
			);
			buildRules = (
			);
			dependencies = (
			);
			name = Fringe;
			productName = Fringe;
			productReference = DCD93AA41C44ED0C00C73A0F /* Fringe.app */;
			productType = "com.apple.product-type.application";
		};
		DCD93AB71C44ED0C00C73A0F /* FringeTests */ = {
			isa = PBXNativeTarget;
			buildConfigurationList = DCD93ACF1C44ED0C00C73A0F /* Build configuration list for PBXNativeTarget "FringeTests" */;
			buildPhases = (
				DCD93AB41C44ED0C00C73A0F /* Sources */,
				DCD93AB51C44ED0C00C73A0F /* Frameworks */,
				DCD93AB61C44ED0C00C73A0F /* Resources */,
			);
			buildRules = (
			);
			dependencies = (
				DCD93ABA1C44ED0C00C73A0F /* PBXTargetDependency */,
			);
			name = FringeTests;
			productName = FringeTests;
			productReference = DCD93AB81C44ED0C00C73A0F /* FringeTests.xctest */;
			productType = "com.apple.product-type.bundle.unit-test";
		};
		DCD93AC21C44ED0C00C73A0F /* FringeUITests */ = {
			isa = PBXNativeTarget;
			buildConfigurationList = DCD93AD21C44ED0C00C73A0F /* Build configuration list for PBXNativeTarget "FringeUITests" */;
			buildPhases = (
				DCD93ABF1C44ED0C00C73A0F /* Sources */,
				DCD93AC01C44ED0C00C73A0F /* Frameworks */,
				DCD93AC11C44ED0C00C73A0F /* Resources */,
			);
			buildRules = (
			);
			dependencies = (
				DCD93AC51C44ED0C00C73A0F /* PBXTargetDependency */,
			);
			name = FringeUITests;
			productName = FringeUITests;
			productReference = DCD93AC31C44ED0C00C73A0F /* FringeUITests.xctest */;
			productType = "com.apple.product-type.bundle.ui-testing";
		};
/* End PBXNativeTarget section */

/* Begin PBXProject section */
		DCD93A9C1C44ED0C00C73A0F /* Project object */ = {
			isa = PBXProject;
			attributes = {
				LastSwiftUpdateCheck = 0720;
				LastUpgradeCheck = 0720;
				ORGANIZATIONNAME = "Arunabh Das";
				TargetAttributes = {
					DCD93AA31C44ED0C00C73A0F = {
						CreatedOnToolsVersion = 7.2;
					};
					DCD93AB71C44ED0C00C73A0F = {
						CreatedOnToolsVersion = 7.2;
						TestTargetID = DCD93AA31C44ED0C00C73A0F;
					};
					DCD93AC21C44ED0C00C73A0F = {
						CreatedOnToolsVersion = 7.2;
						TestTargetID = DCD93AA31C44ED0C00C73A0F;
					};
				};
			};
			buildConfigurationList = DCD93A9F1C44ED0C00C73A0F /* Build configuration list for PBXProject "Fringe" */;
			compatibilityVersion = "Xcode 3.2";
			developmentRegion = English;
			hasScannedForEncodings = 0;
			knownRegions = (
				en,
				Base,
			);
			mainGroup = DCD93A9B1C44ED0C00C73A0F;
			productRefGroup = DCD93AA51C44ED0C00C73A0F /* Products */;
			projectDirPath = "";
			projectRoot = "";
			targets = (
				DCD93AA31C44ED0C00C73A0F /* Fringe */,
				DCD93AB71C44ED0C00C73A0F /* FringeTests */,
				DCD93AC21C44ED0C00C73A0F /* FringeUITests */,
			);
		};
/* End PBXProject section */

/* Begin PBXResourcesBuildPhase section */
		DCD93AA21C44ED0C00C73A0F /* Resources */ = {
			isa = PBXResourcesBuildPhase;
			buildActionMask = 2147483647;
			files = (
				DCD93AB21C44ED0C00C73A0F /* LaunchScreen.storyboard in Resources */,
				DCD93AAF1C44ED0C00C73A0F /* Assets.xcassets in Resources */,
				DCD93AAD1C44ED0C00C73A0F /* Main.storyboard in Resources */,
			);
			runOnlyForDeploymentPostprocessing = 0;
		};
		DCD93AB61C44ED0C00C73A0F /* Resources */ = {
			isa = PBXResourcesBuildPhase;
			buildActionMask = 2147483647;
			files = (
			);
			runOnlyForDeploymentPostprocessing = 0;
		};
		DCD93AC11C44ED0C00C73A0F /* Resources */ = {
			isa = PBXResourcesBuildPhase;
			buildActionMask = 2147483647;
			files = (
			);
			runOnlyForDeploymentPostprocessing = 0;
		};
/* End PBXResourcesBuildPhase section */

/* Begin PBXSourcesBuildPhase section */
		DCD93AA01C44ED0C00C73A0F /* Sources */ = {
			isa = PBXSourcesBuildPhase;
			buildActionMask = 2147483647;
			files = (
				DCD93AAA1C44ED0C00C73A0F /* ViewController.swift in Sources */,
				DCD93AA81C44ED0C00C73A0F /* AppDelegate.swift in Sources */,
				DCD93AE21C44F58800C73A0F /* ManagedObject.swift in Sources */,
				DCD93AEB1C455AC900C73A0F /* VendorTableViewController.swift in Sources */,
				DCD93AE41C44F6A800C73A0F /* Ambience.swift in Sources */,
				DCD93AD71C44F3CC00C73A0F /* Model.xcdatamodeld in Sources */,
			);
			runOnlyForDeploymentPostprocessing = 0;
		};
		DCD93AB41C44ED0C00C73A0F /* Sources */ = {
			isa = PBXSourcesBuildPhase;
			buildActionMask = 2147483647;
			files = (
				DCD93ABD1C44ED0C00C73A0F /* FringeTests.swift in Sources */,
			);
			runOnlyForDeploymentPostprocessing = 0;
		};
		DCD93ABF1C44ED0C00C73A0F /* Sources */ = {
			isa = PBXSourcesBuildPhase;
			buildActionMask = 2147483647;
			files = (
				DCD93AC81C44ED0C00C73A0F /* FringeUITests.swift in Sources */,
			);
			runOnlyForDeploymentPostprocessing = 0;
		};
/* End PBXSourcesBuildPhase section */

/* Begin PBXTargetDependency section */
		DCD93ABA1C44ED0C00C73A0F /* PBXTargetDependency */ = {
			isa = PBXTargetDependency;
			target = DCD93AA31C44ED0C00C73A0F /* Fringe */;
			targetProxy = DCD93AB91C44ED0C00C73A0F /* PBXContainerItemProxy */;
		};
		DCD93AC51C44ED0C00C73A0F /* PBXTargetDependency */ = {
			isa = PBXTargetDependency;
			target = DCD93AA31C44ED0C00C73A0F /* Fringe */;
			targetProxy = DCD93AC41C44ED0C00C73A0F /* PBXContainerItemProxy */;
		};
/* End PBXTargetDependency section */

/* Begin PBXVariantGroup section */
		DCD93AAB1C44ED0C00C73A0F /* Main.storyboard */ = {
			isa = PBXVariantGroup;
			children = (
				DCD93AAC1C44ED0C00C73A0F /* Base */,
			);
			name = Main.storyboard;
			sourceTree = "<group>";
		};
		DCD93AB01C44ED0C00C73A0F /* LaunchScreen.storyboard */ = {
			isa = PBXVariantGroup;
			children = (
				DCD93AB11C44ED0C00C73A0F /* Base */,
			);
			name = LaunchScreen.storyboard;
			sourceTree = "<group>";
		};
/* End PBXVariantGroup section */

/* Begin XCBuildConfiguration section */
		DCD93ACA1C44ED0C00C73A0F /* Debug */ = {
			isa = XCBuildConfiguration;
			buildSettings = {
				ALWAYS_SEARCH_USER_PATHS = NO;
				CLANG_CXX_LANGUAGE_STANDARD = "gnu++0x";
				CLANG_CXX_LIBRARY = "libc++";
				CLANG_ENABLE_MODULES = YES;
				CLANG_ENABLE_OBJC_ARC = YES;
				CLANG_WARN_BOOL_CONVERSION = YES;
				CLANG_WARN_CONSTANT_CONVERSION = YES;
				CLANG_WARN_DIRECT_OBJC_ISA_USAGE = YES_ERROR;
				CLANG_WARN_EMPTY_BODY = YES;
				CLANG_WARN_ENUM_CONVERSION = YES;
				CLANG_WARN_INT_CONVERSION = YES;
				CLANG_WARN_OBJC_ROOT_CLASS = YES_ERROR;
				CLANG_WARN_UNREACHABLE_CODE = YES;
				CLANG_WARN__DUPLICATE_METHOD_MATCH = YES;
				"CODE_SIGN_IDENTITY[sdk=iphoneos*]" = "iPhone Developer";
				COPY_PHASE_STRIP = NO;
				DEBUG_INFORMATION_FORMAT = dwarf;
				ENABLE_STRICT_OBJC_MSGSEND = YES;
				ENABLE_TESTABILITY = YES;
				GCC_C_LANGUAGE_STANDARD = gnu99;
				GCC_DYNAMIC_NO_PIC = NO;
				GCC_NO_COMMON_BLOCKS = YES;
				GCC_OPTIMIZATION_LEVEL = 0;
				GCC_PREPROCESSOR_DEFINITIONS = (
					"DEBUG=1",
					"$(inherited)",
				);
				GCC_WARN_64_TO_32_BIT_CONVERSION = YES;
				GCC_WARN_ABOUT_RETURN_TYPE = YES_ERROR;
				GCC_WARN_UNDECLARED_SELECTOR = YES;
				GCC_WARN_UNINITIALIZED_AUTOS = YES_AGGRESSIVE;
				GCC_WARN_UNUSED_FUNCTION = YES;
				GCC_WARN_UNUSED_VARIABLE = YES;
				IPHONEOS_DEPLOYMENT_TARGET = 9.2;
				MTL_ENABLE_DEBUG_INFO = YES;
				ONLY_ACTIVE_ARCH = YES;
				SDKROOT = iphoneos;
				SWIFT_OPTIMIZATION_LEVEL = "-Onone";
				TARGETED_DEVICE_FAMILY = "1,2";
			};
			name = Debug;
		};
		DCD93ACB1C44ED0C00C73A0F /* Release */ = {
			isa = XCBuildConfiguration;
			buildSettings = {
				ALWAYS_SEARCH_USER_PATHS = NO;
				CLANG_CXX_LANGUAGE_STANDARD = "gnu++0x";
				CLANG_CXX_LIBRARY = "libc++";
				CLANG_ENABLE_MODULES = YES;
				CLANG_ENABLE_OBJC_ARC = YES;
				CLANG_WARN_BOOL_CONVERSION = YES;
				CLANG_WARN_CONSTANT_CONVERSION = YES;
				CLANG_WARN_DIRECT_OBJC_ISA_USAGE = YES_ERROR;
				CLANG_WARN_EMPTY_BODY = YES;
				CLANG_WARN_ENUM_CONVERSION = YES;
				CLANG_WARN_INT_CONVERSION = YES;
				CLANG_WARN_OBJC_ROOT_CLASS = YES_ERROR;
				CLANG_WARN_UNREACHABLE_CODE = YES;
				CLANG_WARN__DUPLICATE_METHOD_MATCH = YES;
				"CODE_SIGN_IDENTITY[sdk=iphoneos*]" = "iPhone Developer";
				COPY_PHASE_STRIP = NO;
				DEBUG_INFORMATION_FORMAT = "dwarf-with-dsym";
				ENABLE_NS_ASSERTIONS = NO;
				ENABLE_STRICT_OBJC_MSGSEND = YES;
				GCC_C_LANGUAGE_STANDARD = gnu99;
				GCC_NO_COMMON_BLOCKS = YES;
				GCC_WARN_64_TO_32_BIT_CONVERSION = YES;
				GCC_WARN_ABOUT_RETURN_TYPE = YES_ERROR;
				GCC_WARN_UNDECLARED_SELECTOR = YES;
				GCC_WARN_UNINITIALIZED_AUTOS = YES_AGGRESSIVE;
				GCC_WARN_UNUSED_FUNCTION = YES;
				GCC_WARN_UNUSED_VARIABLE = YES;
				IPHONEOS_DEPLOYMENT_TARGET = 9.2;
				MTL_ENABLE_DEBUG_INFO = NO;
				SDKROOT = iphoneos;
				TARGETED_DEVICE_FAMILY = "1,2";
				VALIDATE_PRODUCT = YES;
			};
			name = Release;
		};
		DCD93ACD1C44ED0C00C73A0F /* Debug */ = {
			isa = XCBuildConfiguration;
			buildSettings = {
				ASSETCATALOG_COMPILER_APPICON_NAME = AppIcon;
				CLANG_ENABLE_MODULES = YES;
				INFOPLIST_FILE = Fringe/Info.plist;
				LD_RUNPATH_SEARCH_PATHS = "$(inherited) @executable_path/Frameworks";
				PRODUCT_BUNDLE_IDENTIFIER = com.arunabhdas.mobile.Fringe;
				PRODUCT_NAME = "$(TARGET_NAME)";
				SWIFT_OBJC_BRIDGING_HEADER = "Fringe-Bridging-Header.h";
				SWIFT_OPTIMIZATION_LEVEL = "-Onone";
			};
			name = Debug;
		};
		DCD93ACE1C44ED0C00C73A0F /* Release */ = {
			isa = XCBuildConfiguration;
			buildSettings = {
				ASSETCATALOG_COMPILER_APPICON_NAME = AppIcon;
				CLANG_ENABLE_MODULES = YES;
				INFOPLIST_FILE = Fringe/Info.plist;
				LD_RUNPATH_SEARCH_PATHS = "$(inherited) @executable_path/Frameworks";
				PRODUCT_BUNDLE_IDENTIFIER = com.arunabhdas.mobile.Fringe;
				PRODUCT_NAME = "$(TARGET_NAME)";
				SWIFT_OBJC_BRIDGING_HEADER = "Fringe-Bridging-Header.h";
			};
			name = Release;
		};
		DCD93AD01C44ED0C00C73A0F /* Debug */ = {
			isa = XCBuildConfiguration;
			buildSettings = {
				BUNDLE_LOADER = "$(TEST_HOST)";
				INFOPLIST_FILE = FringeTests/Info.plist;
				LD_RUNPATH_SEARCH_PATHS = "$(inherited) @executable_path/Frameworks @loader_path/Frameworks";
				PRODUCT_BUNDLE_IDENTIFIER = com.arunabhdas.mobile.FringeTests;
				PRODUCT_NAME = "$(TARGET_NAME)";
				SWIFT_OBJC_BRIDGING_HEADER = "";
				TEST_HOST = "$(BUILT_PRODUCTS_DIR)/Fringe.app/Fringe";
			};
			name = Debug;
		};
		DCD93AD11C44ED0C00C73A0F /* Release */ = {
			isa = XCBuildConfiguration;
			buildSettings = {
				BUNDLE_LOADER = "$(TEST_HOST)";
				INFOPLIST_FILE = FringeTests/Info.plist;
				LD_RUNPATH_SEARCH_PATHS = "$(inherited) @executable_path/Frameworks @loader_path/Frameworks";
				PRODUCT_BUNDLE_IDENTIFIER = com.arunabhdas.mobile.FringeTests;
				PRODUCT_NAME = "$(TARGET_NAME)";
				SWIFT_OBJC_BRIDGING_HEADER = "";
				TEST_HOST = "$(BUILT_PRODUCTS_DIR)/Fringe.app/Fringe";
			};
			name = Release;
		};
		DCD93AD31C44ED0C00C73A0F /* Debug */ = {
			isa = XCBuildConfiguration;
			buildSettings = {
				INFOPLIST_FILE = FringeUITests/Info.plist;
				LD_RUNPATH_SEARCH_PATHS = "$(inherited) @executable_path/Frameworks @loader_path/Frameworks";
				PRODUCT_BUNDLE_IDENTIFIER = com.arunabhdas.mobile.FringeUITests;
				PRODUCT_NAME = "$(TARGET_NAME)";
				TEST_TARGET_NAME = Fringe;
				USES_XCTRUNNER = YES;
			};
			name = Debug;
		};
		DCD93AD41C44ED0C00C73A0F /* Release */ = {
			isa = XCBuildConfiguration;
			buildSettings = {
				INFOPLIST_FILE = FringeUITests/Info.plist;
				LD_RUNPATH_SEARCH_PATHS = "$(inherited) @executable_path/Frameworks @loader_path/Frameworks";
				PRODUCT_BUNDLE_IDENTIFIER = com.arunabhdas.mobile.FringeUITests;
				PRODUCT_NAME = "$(TARGET_NAME)";
				TEST_TARGET_NAME = Fringe;
				USES_XCTRUNNER = YES;
			};
			name = Release;
		};
/* End XCBuildConfiguration section */

/* Begin XCConfigurationList section */
		DCD93A9F1C44ED0C00C73A0F /* Build configuration list for PBXProject "Fringe" */ = {
			isa = XCConfigurationList;
			buildConfigurations = (
				DCD93ACA1C44ED0C00C73A0F /* Debug */,
				DCD93ACB1C44ED0C00C73A0F /* Release */,
			);
			defaultConfigurationIsVisible = 0;
			defaultConfigurationName = Release;
		};
		DCD93ACC1C44ED0C00C73A0F /* Build configuration list for PBXNativeTarget "Fringe" */ = {
			isa = XCConfigurationList;
			buildConfigurations = (
				DCD93ACD1C44ED0C00C73A0F /* Debug */,
				DCD93ACE1C44ED0C00C73A0F /* Release */,
			);
			defaultConfigurationIsVisible = 0;
		};
		DCD93ACF1C44ED0C00C73A0F /* Build configuration list for PBXNativeTarget "FringeTests" */ = {
			isa = XCConfigurationList;
			buildConfigurations = (
				DCD93AD01C44ED0C00C73A0F /* Debug */,
				DCD93AD11C44ED0C00C73A0F /* Release */,
			);
			defaultConfigurationIsVisible = 0;
		};
		DCD93AD21C44ED0C00C73A0F /* Build configuration list for PBXNativeTarget "FringeUITests" */ = {
			isa = XCConfigurationList;
			buildConfigurations = (
				DCD93AD31C44ED0C00C73A0F /* Debug */,
				DCD93AD41C44ED0C00C73A0F /* Release */,
			);
			defaultConfigurationIsVisible = 0;
		};
/* End XCConfigurationList section */

/* Begin XCVersionGroup section */
		DCD93AD51C44F3CC00C73A0F /* Model.xcdatamodeld */ = {
			isa = XCVersionGroup;
			children = (
				DCD93AD61C44F3CC00C73A0F /* Model.xcdatamodel */,
			);
			currentVersion = DCD93AD61C44F3CC00C73A0F /* Model.xcdatamodel */;
			path = Model.xcdatamodeld;
			sourceTree = "<group>";
			versionGroupType = wrapper.xcdatamodel;
		};
/* End XCVersionGroup section */
	};
	rootObject = DCD93A9C1C44ED0C00C73A0F /* Project object */;
}
